
Microsoft Visual Studio Solution File, Format Version 12.00
# Visual Studio Version 16
VisualStudioVersion = 16.0.30711.63
MinimumVisualStudioVersion = 10.0.40219.1
Project("{FAE04EC0-301F-11D3-BF4B-00C04F79EFBC}") = "test_COApp.UWP", "test_COApp.UWP\test_COApp.UWP.csproj", "{F9F61D65-2847-4BD1-834B-7515BE2FF64B}"
EndProject
Project("{FAE04EC0-301F-11D3-BF4B-00C04F79EFBC}") = "test_COApp.Android", "test_COApp.Android\test_COApp.Android.csproj", "{4543BC99-AE44-47B4-9FC8-F4E9ECDC25F5}"
EndProject
Project("{FAE04EC0-301F-11D3-BF4B-00C04F79EFBC}") = "test_COApp.iOS", "test_COApp.iOS\test_COApp.iOS.csproj", "{8ECEC542-08E4-4634-B27D-1D9A129371A3}"
EndProject
Project("{FAE04EC0-301F-11D3-BF4B-00C04F79EFBC}") = "test_COApp", "test_COApp\test_COApp.csproj", "{8B6DE352-D65F-4E4F-B426-C39345855453}"
EndProject
Global
	GlobalSection(SolutionConfigurationPlatforms) = preSolution
		Debug|Any CPU = Debug|Any CPU
		Debug|ARM = Debug|ARM
		Debug|iPhone = Debug|iPhone
		Debug|iPhoneSimulator = Debug|iPhoneSimulator
		Debug|x64 = Debug|x64
		Debug|x86 = Debug|x86
		Release|Any CPU = Release|Any CPU
		Release|ARM = Release|ARM
		Release|iPhone = Release|iPhone
		Release|iPhoneSimulator = Release|iPhoneSimulator
		Release|x64 = Release|x64
		Release|x86 = Release|x86
	EndGlobalSection
	GlobalSection(ProjectConfigurationPlatforms) = postSolution
		{F9F61D65-2847-4BD1-834B-7515BE2FF64B}.Debug|Any CPU.ActiveCfg = Debug|x86
		{F9F61D65-2847-4BD1-834B-7515BE2FF64B}.Debug|Any CPU.Build.0 = Debug|x86
		{F9F61D65-2847-4BD1-834B-7515BE2FF64B}.Debug|Any CPU.Deploy.0 = Debug|x86
		{F9F61D65-2847-4BD1-834B-7515BE2FF64B}.Debug|ARM.ActiveCfg = Debug|ARM
		{F9F61D65-2847-4BD1-834B-7515BE2FF64B}.Debug|ARM.Build.0 = Debug|ARM
		{F9F61D65-2847-4BD1-834B-7515BE2FF64B}.Debug|ARM.Deploy.0 = Debug|ARM
		{F9F61D65-2847-4BD1-834B-7515BE2FF64B}.Debug|iPhone.ActiveCfg = Debug|x86
		{F9F61D65-2847-4BD1-834B-7515BE2FF64B}.Debug|iPhone.Build.0 = Debug|x86
		{F9F61D65-2847-4BD1-834B-7515BE2FF64B}.Debug|iPhone.Deploy.0 = Debug|x86
		{F9F61D65-2847-4BD1-834B-7515BE2FF64B}.Debug|iPhoneSimulator.ActiveCfg = Debug|x86
		{F9F61D65-2847-4BD1-834B-7515BE2FF64B}.Debug|iPhoneSimulator.Build.0 = Debug|x86
		{F9F61D65-2847-4BD1-834B-7515BE2FF64B}.Debug|iPhoneSimulator.Deploy.0 = Debug|x86
		{F9F61D65-2847-4BD1-834B-7515BE2FF64B}.Debug|x64.ActiveCfg = Debug|x64
		{F9F61D65-2847-4BD1-834B-7515BE2FF64B}.Debug|x64.Build.0 = Debug|x64
		{F9F61D65-2847-4BD1-834B-7515BE2FF64B}.Debug|x64.Deploy.0 = Debug|x64
		{F9F61D65-2847-4BD1-834B-7515BE2FF64B}.Debug|x86.ActiveCfg = Debug|x86
		{F9F61D65-2847-4BD1-834B-7515BE2FF64B}.Debug|x86.Build.0 = Debug|x86
		{F9F61D65-2847-4BD1-834B-7515BE2FF64B}.Debug|x86.Deploy.0 = Debug|x86
		{F9F61D65-2847-4BD1-834B-7515BE2FF64B}.Release|Any CPU.ActiveCfg = Release|x86
		{F9F61D65-2847-4BD1-834B-7515BE2FF64B}.Release|Any CPU.Build.0 = Release|x86
		{F9F61D65-2847-4BD1-834B-7515BE2FF64B}.Release|Any CPU.Deploy.0 = Release|x86
		{F9F61D65-2847-4BD1-834B-7515BE2FF64B}.Release|ARM.ActiveCfg = Release|ARM
		{F9F61D65-2847-4BD1-834B-7515BE2FF64B}.Release|ARM.Build.0 = Release|ARM
		{F9F61D65-2847-4BD1-834B-7515BE2FF64B}.Release|ARM.Deploy.0 = Release|ARM
		{F9F61D65-2847-4BD1-834B-7515BE2FF64B}.Release|iPhone.ActiveCfg = Release|x86
		{F9F61D65-2847-4BD1-834B-7515BE2FF64B}.Release|iPhone.Build.0 = Release|x86
		{F9F61D65-2847-4BD1-834B-7515BE2FF64B}.Release|iPhone.Deploy.0 = Release|x86
		{F9F61D65-2847-4BD1-834B-7515BE2FF64B}.Release|iPhoneSimulator.ActiveCfg = Release|x86
		{F9F61D65-2847-4BD1-834B-7515BE2FF64B}.Release|iPhoneSimulator.Build.0 = Release|x86
		{F9F61D65-2847-4BD1-834B-7515BE2FF64B}.Release|iPhoneSimulator.Deploy.0 = Release|x86
		{F9F61D65-2847-4BD1-834B-7515BE2FF64B}.Release|x64.ActiveCfg = Release|x64
		{F9F61D65-2847-4BD1-834B-7515BE2FF64B}.Release|x64.Build.0 = Release|x64
		{F9F61D65-2847-4BD1-834B-7515BE2FF64B}.Release|x64.Deploy.0 = Release|x64
		{F9F61D65-2847-4BD1-834B-7515BE2FF64B}.Release|x86.ActiveCfg = Release|x86
		{F9F61D65-2847-4BD1-834B-7515BE2FF64B}.Release|x86.Build.0 = Release|x86
		{F9F61D65-2847-4BD1-834B-7515BE2FF64B}.Release|x86.Deploy.0 = Release|x86
		{4543BC99-AE44-47B4-9FC8-F4E9ECDC25F5}.Debug|Any CPU.ActiveCfg = Debug|Any CPU
		{4543BC99-AE44-47B4-9FC8-F4E9ECDC25F5}.Debug|Any CPU.Build.0 = Debug|Any CPU
		{4543BC99-AE44-47B4-9FC8-F4E9ECDC25F5}.Debug|Any CPU.Deploy.0 = Debug|Any CPU
		{4543BC99-AE44-47B4-9FC8-F4E9ECDC25F5}.Debug|ARM.ActiveCfg = Debug|Any CPU
		{4543BC99-AE44-47B4-9FC8-F4E9ECDC25F5}.Debug|ARM.Build.0 = Debug|Any CPU
		{4543BC99-AE44-47B4-9FC8-F4E9ECDC25F5}.Debug|ARM.Deploy.0 = Debug|Any CPU
		{4543BC99-AE44-47B4-9FC8-F4E9ECDC25F5}.Debug|iPhone.ActiveCfg = Debug|Any CPU
		{4543BC99-AE44-47B4-9FC8-F4E9ECDC25F5}.Debug|iPhone.Build.0 = Debug|Any CPU
		{4543BC99-AE44-47B4-9FC8-F4E9ECDC25F5}.Debug|iPhone.Deploy.0 = Debug|Any CPU
		{4543BC99-AE44-47B4-9FC8-F4E9ECDC25F5}.Debug|iPhoneSimulator.ActiveCfg = Debug|Any CPU
		{4543BC99-AE44-47B4-9FC8-F4E9ECDC25F5}.Debug|iPhoneSimulator.Build.0 = Debug|Any CPU
		{4543BC99-AE44-47B4-9FC8-F4E9ECDC25F5}.Debug|iPhoneSimulator.Deploy.0 = Debug|Any CPU
		{4543BC99-AE44-47B4-9FC8-F4E9ECDC25F5}.Debug|x64.ActiveCfg = Debug|Any CPU
		{4543BC99-AE44-47B4-9FC8-F4E9ECDC25F5}.Debug|x64.Build.0 = Debug|Any CPU
		{4543BC99-AE44-47B4-9FC8-F4E9ECDC25F5}.Debug|x64.Deploy.0 = Debug|Any CPU
		{4543BC99-AE44-47B4-9FC8-F4E9ECDC25F5}.Debug|x86.ActiveCfg = Debug|Any CPU
		{4543BC99-AE44-47B4-9FC8-F4E9ECDC25F5}.Debug|x86.Build.0 = Debug|Any CPU
		{4543BC99-AE44-47B4-9FC8-F4E9ECDC25F5}.Debug|x86.Deploy.0 = Debug|Any CPU
		{4543BC99-AE44-47B4-9FC8-F4E9ECDC25F5}.Release|Any CPU.ActiveCfg = Release|Any CPU
		{4543BC99-AE44-47B4-9FC8-F4E9ECDC25F5}.Release|Any CPU.Build.0 = Release|Any CPU
		{4543BC99-AE44-47B4-9FC8-F4E9ECDC25F5}.Release|Any CPU.Deploy.0 = Release|Any CPU
		{4543BC99-AE44-47B4-9FC8-F4E9ECDC25F5}.Release|ARM.ActiveCfg = Release|Any CPU
		{4543BC99-AE44-47B4-9FC8-F4E9ECDC25F5}.Release|ARM.Build.0 = Release|Any CPU
		{4543BC99-AE44-47B4-9FC8-F4E9ECDC25F5}.Release|ARM.Deploy.0 = Release|Any CPU
		{4543BC99-AE44-47B4-9FC8-F4E9ECDC25F5}.Release|iPhone.ActiveCfg = Release|Any CPU
		{4543BC99-AE44-47B4-9FC8-F4E9ECDC25F5}.Release|iPhone.Build.0 = Release|Any CPU
		{4543BC99-AE44-47B4-9FC8-F4E9ECDC25F5}.Release|iPhone.Deploy.0 = Release|Any CPU
		{4543BC99-AE44-47B4-9FC8-F4E9ECDC25F5}.Release|iPhoneSimulator.ActiveCfg = Release|Any CPU
		{4543BC99-AE44-47B4-9FC8-F4E9ECDC25F5}.Release|iPhoneSimulator.Build.0 = Release|Any CPU
		{4543BC99-AE44-47B4-9FC8-F4E9ECDC25F5}.Release|iPhoneSimulator.Deploy.0 = Release|Any CPU
		{4543BC99-AE44-47B4-9FC8-F4E9ECDC25F5}.Release|x64.ActiveCfg = Release|Any CPU
		{4543BC99-AE44-47B4-9FC8-F4E9ECDC25F5}.Release|x64.Build.0 = Release|Any CPU
		{4543BC99-AE44-47B4-9FC8-F4E9ECDC25F5}.Release|x64.Deploy.0 = Release|Any CPU
		{4543BC99-AE44-47B4-9FC8-F4E9ECDC25F5}.Release|x86.ActiveCfg = Release|Any CPU
		{4543BC99-AE44-47B4-9FC8-F4E9ECDC25F5}.Release|x86.Build.0 = Release|Any CPU
		{4543BC99-AE44-47B4-9FC8-F4E9ECDC25F5}.Release|x86.Deploy.0 = Release|Any CPU
		{8ECEC542-08E4-4634-B27D-1D9A129371A3}.Debug|Any CPU.ActiveCfg = Debug|iPhoneSimulator
		{8ECEC542-08E4-4634-B27D-1D9A129371A3}.Debug|Any CPU.Build.0 = Debug|iPhoneSimulator
		{8ECEC542-08E4-4634-B27D-1D9A129371A3}.Debug|Any CPU.Deploy.0 = Debug|iPhoneSimulator
		{8ECEC542-08E4-4634-B27D-1D9A129371A3}.Debug|ARM.ActiveCfg = Debug|iPhone
		{8ECEC542-08E4-4634-B27D-1D9A129371A3}.Debug|ARM.Build.0 = Debug|iPhone
		{8ECEC542-08E4-4634-B27D-1D9A129371A3}.Debug|ARM.Deploy.0 = Debug|iPhone
		{8ECEC542-08E4-4634-B27D-1D9A129371A3}.Debug|iPhone.ActiveCfg = Debug|iPhone
		{8ECEC542-08E4-4634-B27D-1D9A129371A3}.Debug|iPhone.Build.0 = Debug|iPhone
		{8ECEC542-08E4-4634-B27D-1D9A129371A3}.Debug|iPhone.Deploy.0 = Debug|iPhone
		{8ECEC542-08E4-4634-B27D-1D9A129371A3}.Debug|iPhoneSimulator.ActiveCfg = Debug|iPhoneSimulator
		{8ECEC542-08E4-4634-B27D-1D9A129371A3}.Debug|iPhoneSimulator.Build.0 = Debug|iPhoneSimulator
		{8ECEC542-08E4-4634-B27D-1D9A129371A3}.Debug|iPhoneSimulator.Deploy.0 = Debug|iPhoneSimulator
		{8ECEC542-08E4-4634-B27D-1D9A129371A3}.Debug|x64.ActiveCfg = Debug|iPhoneSimulator
		{8ECEC542-08E4-4634-B27D-1D9A129371A3}.Debug|x64.Build.0 = Debug|iPhoneSimulator
		{8ECEC542-08E4-4634-B27D-1D9A129371A3}.Debug|x64.Deploy.0 = Debug|iPhoneSimulator
		{8ECEC542-08E4-4634-B27D-1D9A129371A3}.Debug|x86.ActiveCfg = Debug|iPhoneSimulator
		{8ECEC542-08E4-4634-B27D-1D9A129371A3}.Debug|x86.Build.0 = Debug|iPhoneSimulator
		{8ECEC542-08E4-4634-B27D-1D9A129371A3}.Debug|x86.Deploy.0 = Debug|iPhoneSimulator
		{8ECEC542-08E4-4634-B27D-1D9A129371A3}.Release|Any CPU.ActiveCfg = Release|iPhoneSimulator
		{8ECEC542-08E4-4634-B27D-1D9A129371A3}.Release|Any CPU.Build.0 = Release|iPhoneSimulator
		{8ECEC542-08E4-4634-B27D-1D9A129371A3}.Release|Any CPU.Deploy.0 = Release|iPhoneSimulator
		{8ECEC542-08E4-4634-B27D-1D9A129371A3}.Release|ARM.ActiveCfg = Release|iPhoneSimulator
		{8ECEC542-08E4-4634-B27D-1D9A129371A3}.Release|ARM.Build.0 = Release|iPhoneSimulator
		{8ECEC542-08E4-4634-B27D-1D9A129371A3}.Release|ARM.Deploy.0 = Release|iPhoneSimulator
		{8ECEC542-08E4-4634-B27D-1D9A129371A3}.Release|iPhone.ActiveCfg = Release|iPhone
		{8ECEC542-08E4-4634-B27D-1D9A129371A3}.Release|iPhone.Build.0 = Release|iPhone
		{8ECEC542-08E4-4634-B27D-1D9A129371A3}.Release|iPhone.Deploy.0 = Release|iPhone
		{8ECEC542-08E4-4634-B27D-1D9A129371A3}.Release|iPhoneSimulator.ActiveCfg = Release|iPhoneSimulator
		{8ECEC542-08E4-4634-B27D-1D9A129371A3}.Release|iPhoneSimulator.Build.0 = Release|iPhoneSimulator
		{8ECEC542-08E4-4634-B27D-1D9A129371A3}.Release|iPhoneSimulator.Deploy.0 = Release|iPhoneSimulator
		{8ECEC542-08E4-4634-B27D-1D9A129371A3}.Release|x64.ActiveCfg = Release|iPhoneSimulator
		{8ECEC542-08E4-4634-B27D-1D9A129371A3}.Release|x64.Build.0 = Release|iPhoneSimulator
		{8ECEC542-08E4-4634-B27D-1D9A129371A3}.Release|x64.Deploy.0 = Release|iPhoneSimulator
		{8ECEC542-08E4-4634-B27D-1D9A129371A3}.Release|x86.ActiveCfg = Release|iPhoneSimulator
		{8ECEC542-08E4-4634-B27D-1D9A129371A3}.Release|x86.Build.0 = Release|iPhoneSimulator
		{8ECEC542-08E4-4634-B27D-1D9A129371A3}.Release|x86.Deploy.0 = Release|iPhoneSimulator
		{8B6DE352-D65F-4E4F-B426-C39345855453}.Debug|Any CPU.ActiveCfg = Debug|Any CPU
		{8B6DE352-D65F-4E4F-B426-C39345855453}.Debug|Any CPU.Build.0 = Debug|Any CPU
		{8B6DE352-D65F-4E4F-B426-C39345855453}.Debug|Any CPU.Deploy.0 = Debug|Any CPU
		{8B6DE352-D65F-4E4F-B426-C39345855453}.Debug|ARM.ActiveCfg = Debug|Any CPU
		{8B6DE352-D65F-4E4F-B426-C39345855453}.Debug|ARM.Build.0 = Debug|Any CPU
		{8B6DE352-D65F-4E4F-B426-C39345855453}.Debug|ARM.Deploy.0 = Debug|Any CPU
		{8B6DE352-D65F-4E4F-B426-C39345855453}.Debug|iPhone.ActiveCfg = Debug|Any CPU
		{8B6DE352-D65F-4E4F-B426-C39345855453}.Debug|iPhone.Build.0 = Debug|Any CPU
		{8B6DE352-D65F-4E4F-B426-C39345855453}.Debug|iPhone.Deploy.0 = Debug|Any CPU
		{8B6DE352-D65F-4E4F-B426-C39345855453}.Debug|iPhoneSimulator.ActiveCfg = Debug|Any CPU
		{8B6DE352-D65F-4E4F-B426-C39345855453}.Debug|iPhoneSimulator.Build.0 = Debug|Any CPU
		{8B6DE352-D65F-4E4F-B426-C39345855453}.Debug|iPhoneSimulator.Deploy.0 = Debug|Any CPU
		{8B6DE352-D65F-4E4F-B426-C39345855453}.Debug|x64.ActiveCfg = Debug|Any CPU
		{8B6DE352-D65F-4E4F-B426-C39345855453}.Debug|x64.Build.0 = Debug|Any CPU
		{8B6DE352-D65F-4E4F-B426-C39345855453}.Debug|x64.Deploy.0 = Debug|Any CPU
		{8B6DE352-D65F-4E4F-B426-C39345855453}.Debug|x86.ActiveCfg = Debug|Any CPU
		{8B6DE352-D65F-4E4F-B426-C39345855453}.Debug|x86.Build.0 = Debug|Any CPU
		{8B6DE352-D65F-4E4F-B426-C39345855453}.Debug|x86.Deploy.0 = Debug|Any CPU
		{8B6DE352-D65F-4E4F-B426-C39345855453}.Release|Any CPU.ActiveCfg = Release|Any CPU
		{8B6DE352-D65F-4E4F-B426-C39345855453}.Release|Any CPU.Build.0 = Release|Any CPU
		{8B6DE352-D65F-4E4F-B426-C39345855453}.Release|Any CPU.Deploy.0 = Release|Any CPU
		{8B6DE352-D65F-4E4F-B426-C39345855453}.Release|ARM.ActiveCfg = Release|Any CPU
		{8B6DE352-D65F-4E4F-B426-C39345855453}.Release|ARM.Build.0 = Release|Any CPU
		{8B6DE352-D65F-4E4F-B426-C39345855453}.Release|ARM.Deploy.0 = Release|Any CPU
		{8B6DE352-D65F-4E4F-B426-C39345855453}.Release|iPhone.ActiveCfg = Release|Any CPU
		{8B6DE352-D65F-4E4F-B426-C39345855453}.Release|iPhone.Build.0 = Release|Any CPU
		{8B6DE352-D65F-4E4F-B426-C39345855453}.Release|iPhone.Deploy.0 = Release|Any CPU
		{8B6DE352-D65F-4E4F-B426-C39345855453}.Release|iPhoneSimulator.ActiveCfg = Release|Any CPU
		{8B6DE352-D65F-4E4F-B426-C39345855453}.Release|iPhoneSimulator.Build.0 = Release|Any CPU
		{8B6DE352-D65F-4E4F-B426-C39345855453}.Release|iPhoneSimulator.Deploy.0 = Release|Any CPU
		{8B6DE352-D65F-4E4F-B426-C39345855453}.Release|x64.ActiveCfg = Release|Any CPU
		{8B6DE352-D65F-4E4F-B426-C39345855453}.Release|x64.Build.0 = Release|Any CPU
		{8B6DE352-D65F-4E4F-B426-C39345855453}.Release|x64.Deploy.0 = Release|Any CPU
		{8B6DE352-D65F-4E4F-B426-C39345855453}.Release|x86.ActiveCfg = Release|Any CPU
		{8B6DE352-D65F-4E4F-B426-C39345855453}.Release|x86.Build.0 = Release|Any CPU
		{8B6DE352-D65F-4E4F-B426-C39345855453}.Release|x86.Deploy.0 = Release|Any CPU
	EndGlobalSection
	GlobalSection(SolutionProperties) = preSolution
		HideSolutionNode = FALSE
	EndGlobalSection
	GlobalSection(ExtensibilityGlobals) = postSolution
		SolutionGuid = {C22245ED-6462-495D-945B-3F20A3D11CFF}
	EndGlobalSection
EndGlobal
